
Microsoft Visual Studio Solution File, Format Version 12.00
# Visual Studio Version 16
VisualStudioVersion = 16.0.28803.202
MinimumVisualStudioVersion = 10.0.40219.1
Project("{9A19103F-16F7-4668-BE54-9A1E7A4F7556}") = "SiteLenroo", "SiteLenroo\SiteLenroo.csproj", "{4EE32CF3-3928-40F4-999D-F355F66121A0}"
EndProject
Global
	GlobalSection(SolutionConfigurationPlatforms) = preSolution
		Debug|Any CPU = Debug|Any CPU
		Release|Any CPU = Release|Any CPU
	EndGlobalSection
	GlobalSection(ProjectConfigurationPlatforms) = postSolution
		{4EE32CF3-3928-40F4-999D-F355F66121A0}.Debug|Any CPU.ActiveCfg = Debug|Any CPU
		{4EE32CF3-3928-40F4-999D-F355F66121A0}.Debug|Any CPU.Build.0 = Debug|Any CPU
		{4EE32CF3-3928-40F4-999D-F355F66121A0}.Release|Any CPU.ActiveCfg = Release|Any CPU
		{4EE32CF3-3928-40F4-999D-F355F66121A0}.Release|Any CPU.Build.0 = Release|Any CPU
	EndGlobalSection
	GlobalSection(SolutionProperties) = preSolution
		HideSolutionNode = FALSE
	EndGlobalSection
	GlobalSection(ExtensibilityGlobals) = postSolution
		SolutionGuid = {FD0FF3BC-38E4-433C-B4E4-855CA62487F4}
	EndGlobalSection
EndGlobal
